
Microsoft Visual Studio Solution File, Format Version 12.00
# Visual Studio Version 16
VisualStudioVersion = 16.0.29411.108
MinimumVisualStudioVersion = 10.0.40219.1
Project("{9A19103F-16F7-4668-BE54-9A1E7A4F7556}") = "NorthWindWeb", "NorthWindWeb.csproj", "{9250AEB6-8A7F-43AA-B27C-3ADA44E9C9ED}"
EndProject
Project("{9A19103F-16F7-4668-BE54-9A1E7A4F7556}") = "NorthwindEntitiesLib", "Part3\NorthwindEntitiesLib\NorthwindEntitiesLib.csproj", "{C2D60BD8-F474-411D-AB30-08A838684827}"
EndProject
Project("{FAE04EC0-301F-11D3-BF4B-00C04F79EFBC}") = "NorthwindContextLib", "Part3\NorthwindContextLib\NorthwindContextLib.csproj", "{F2EF98C7-424C-4CB7-9E39-120D6CDAF688}"
EndProject
Global
	GlobalSection(SolutionConfigurationPlatforms) = preSolution
		Debug|Any CPU = Debug|Any CPU
		Release|Any CPU = Release|Any CPU
	EndGlobalSection
	GlobalSection(ProjectConfigurationPlatforms) = postSolution
		{9250AEB6-8A7F-43AA-B27C-3ADA44E9C9ED}.Debug|Any CPU.ActiveCfg = Debug|Any CPU
		{9250AEB6-8A7F-43AA-B27C-3ADA44E9C9ED}.Debug|Any CPU.Build.0 = Debug|Any CPU
		{9250AEB6-8A7F-43AA-B27C-3ADA44E9C9ED}.Release|Any CPU.ActiveCfg = Release|Any CPU
		{9250AEB6-8A7F-43AA-B27C-3ADA44E9C9ED}.Release|Any CPU.Build.0 = Release|Any CPU
		{C2D60BD8-F474-411D-AB30-08A838684827}.Debug|Any CPU.ActiveCfg = Debug|Any CPU
		{C2D60BD8-F474-411D-AB30-08A838684827}.Debug|Any CPU.Build.0 = Debug|Any CPU
		{C2D60BD8-F474-411D-AB30-08A838684827}.Release|Any CPU.ActiveCfg = Release|Any CPU
		{C2D60BD8-F474-411D-AB30-08A838684827}.Release|Any CPU.Build.0 = Release|Any CPU
		{F2EF98C7-424C-4CB7-9E39-120D6CDAF688}.Debug|Any CPU.ActiveCfg = Debug|Any CPU
		{F2EF98C7-424C-4CB7-9E39-120D6CDAF688}.Debug|Any CPU.Build.0 = Debug|Any CPU
		{F2EF98C7-424C-4CB7-9E39-120D6CDAF688}.Release|Any CPU.ActiveCfg = Release|Any CPU
		{F2EF98C7-424C-4CB7-9E39-120D6CDAF688}.Release|Any CPU.Build.0 = Release|Any CPU
	EndGlobalSection
	GlobalSection(SolutionProperties) = preSolution
		HideSolutionNode = FALSE
	EndGlobalSection
	GlobalSection(ExtensibilityGlobals) = postSolution
		SolutionGuid = {254DA242-FAD1-442D-8921-E426D0EE8089}
	EndGlobalSection
EndGlobal
