
Microsoft Visual Studio Solution File, Format Version 12.00
# Visual Studio Version 16
VisualStudioVersion = 16.0.28922.388
MinimumVisualStudioVersion = 10.0.40219.1
Project("{FAE04EC0-301F-11D3-BF4B-00C04F79EFBC}") = "ConsoleCoreProject", "ConsoleCoreProject.csproj", "{F5C57046-47BE-4674-9D43-9D8CA4314F5B}"
EndProject
Global
	GlobalSection(SolutionConfigurationPlatforms) = preSolution
		Debug|Any CPU = Debug|Any CPU
		Release|Any CPU = Release|Any CPU
	EndGlobalSection
	GlobalSection(ProjectConfigurationPlatforms) = postSolution
		{F5C57046-47BE-4674-9D43-9D8CA4314F5B}.Debug|Any CPU.ActiveCfg = Debug|Any CPU
		{F5C57046-47BE-4674-9D43-9D8CA4314F5B}.Debug|Any CPU.Build.0 = Debug|Any CPU
		{F5C57046-47BE-4674-9D43-9D8CA4314F5B}.Release|Any CPU.ActiveCfg = Release|Any CPU
		{F5C57046-47BE-4674-9D43-9D8CA4314F5B}.Release|Any CPU.Build.0 = Release|Any CPU
	EndGlobalSection
	GlobalSection(SolutionProperties) = preSolution
		HideSolutionNode = FALSE
	EndGlobalSection
	GlobalSection(ExtensibilityGlobals) = postSolution
		SolutionGuid = {61D183FD-867E-4A2A-B304-8134292832E8}
	EndGlobalSection
EndGlobal
